PODS:
  - Nimble (10.0.0)
  - Realm (10.29.0):
    - Realm/Headers (= 10.29.0)
  - Realm/Headers (10.29.0)
  - RealmSwift (10.29.0):
    - Realm (= 10.29.0)

DEPENDENCIES:
  - Nimble
  - RealmSwift (~> 10)

SPEC REPOS:
  trunk:
    - Nimble
    - Realm
    - RealmSwift

SPEC CHECKSUMS:
  Nimble: 5316ef81a170ce87baf72dd961f22f89a602ff84
  Realm: 5596770daeff1ad76c8eb10d5947dc10472da779
  RealmSwift: 35d8d318b7e5a8dbc7096c2a243184e4d19abcc0

PODFILE CHECKSUM: 54f9a8dad3f53eeeb5e2a3f57d0bd72cc93fdf1a

COCOAPODS: 1.11.3
